#MicroXplorer Configuration settings - do not modify
Mcu.Family=STM32L4
SH.GPXTI1.0=GPIO_EXTI1
ProjectManager.MainLocation=Core/Src
PB13.GPIOParameters=GPIO_Label
RCC.USART1Freq_Value=80000000
RCC.SAI1Freq_Value=13714285.714285715
RCC.CortexFreq_Value=80000000
ProjectManager.KeepUserCode=true
Mcu.UserName=STM32L475VGTx
PB10.Mode=I2C
NVIC.TIM6_DAC_IRQn=true\:0\:0\:false\:false\:true\:true\:true
PB14.GPIO_Label=LED2 [LED_GREEN]
RCC.PLLSAI1RoutputFreq_Value=48000000
ProjectManager.functionlistsort=1-MX_GPIO_Init-GPIO-false-HAL-true,2-SystemClock_Config-RCC-false-HAL-false,3-MX_I2C2_Init-I2C2-false-HAL-true,4-MX_USART1_UART_Init-USART1-false-HAL-true,5-MX_TIM6_Init-TIM6-false-HAL-true,6-MX_TIM7_Init-TIM7-false-HAL-true
PA13\ (JTMS-SWDIO).Locked=true
PC9.Locked=true
PB6.GPIO_Label=ST_LINK_UART1_TX
RCC.USART2Freq_Value=80000000
PC15-OSC32_OUT\ (PC15).Mode=LSE-External-Oscillator
USART1.IPParameters=VirtualMode-Asynchronous
PC13.GPIO_Label=BUTTON_EXTI13 [B2]
PB13.GPIO_Label=ISM43362_WAKEUP [ISM43362_WKUP]
PB11.Signal=I2C2_SDA
PB13.Signal=GPIO_Output
PB15.Signal=GPIO_Output
PinOutPanel.RotationAngle=0
PE6.GPIO_Label=SPBTLE_RF_IRQ_EXTI6 [BT module_SPI_IRQ]
PE5.GPIOParameters=GPIO_Label
RCC.MCO1PinFreq_Value=80000000
RCC.SYSCLKSource=RCC_SYSCLKSOURCE_PLLCLK
ProjectManager.StackSize=0x400
PC14-OSC32_IN\ (PC14).Mode=LSE-External-Oscillator
SH.GPXTI13.0=GPIO_EXTI13
PA14\ (JTCK-SWCLK).Signal=SYS_JTCK-SWCLK
VP_TIM7_VS_ClockSourceINT.Mode=Enable_Timer
RCC.I2C3Freq_Value=80000000
RCC.LPTIM1Freq_Value=80000000
Mcu.IP4=TIM6
RCC.FCLKCortexFreq_Value=80000000
Mcu.IP5=TIM7
NVIC.SVCall_IRQn=true\:0\:0\:false\:false\:true\:true\:false
Mcu.IP2=RCC
Mcu.IP3=SYS
Mcu.IP0=I2C2
Mcu.IP1=NVIC
PE4.GPIOParameters=GPIO_Label
Mcu.UserConstants=
PD15.GPIOParameters=GPIO_Label
RCC.VCOSAI1OutputFreq_Value=96000000
RCC.SDMMCFreq_Value=48000000
SH.GPXTI13.ConfNb=1
PA14\ (JTCK-SWCLK).GPIOParameters=GPIO_Label
Mcu.ThirdPartyNb=0
PD11.GPIO_Label=LSM6DSL_INT1_EXTI11 [LSM6DSL_INT1]
RCC.HCLKFreq_Value=80000000
Mcu.IPNb=7
ProjectManager.PreviousToolchain=
RCC.APB2TimFreq_Value=80000000
PB6.Signal=USART1_TX
PB6.Mode=Asynchronous
PA8.GPIOParameters=GPIO_Label
Mcu.Pin6=PC15-OSC32_OUT (PC15)
RCC.SAI2Freq_Value=13714285.714285715
TIM7.Period=20000 - 1
Mcu.Pin7=PA5
Mcu.Pin8=PE8
PE5.Signal=GPXTI5
Mcu.Pin9=PB10
PE1.Signal=GPXTI1
RCC.AHBFreq_Value=80000000
PB13.Locked=true
Mcu.Pin0=PE2
Mcu.Pin1=PE4
GPIO.groupedBy=Group By Peripherals
Mcu.Pin2=PE5
Mcu.Pin3=PE6
RCC.USART3Freq_Value=80000000
Mcu.Pin4=PC13
PD10.GPIOParameters=GPIO_Label
NVIC.EXTI15_10_IRQn=true\:0\:0\:false\:false\:true\:true\:true
Mcu.Pin5=PC14-OSC32_IN (PC14)
ProjectManager.ProjectBuild=false
RCC.HSE_VALUE=8000000
NVIC.UsageFault_IRQn=true\:0\:0\:false\:false\:true\:true\:false
NVIC.DebugMonitor_IRQn=true\:0\:0\:false\:false\:true\:true\:false
PA8.Locked=true
NVIC.SysTick_IRQn=true\:0\:0\:false\:false\:true\:true\:true
PB12.GPIO_Label=ISM43362_BOOT0 [ISM43362_BOOT]
ProjectManager.FirmwarePackage=STM32Cube FW_L4 V1.17.0
MxDb.Version=DB.6.0.21
PE0.GPIOParameters=PinState,GPIO_Label
VP_TIM7_VS_ClockSourceINT.Signal=TIM7_VS_ClockSourceINT
ProjectManager.BackupPrevious=false
RCC.VCOInputFreq_Value=4000000
PE8.Locked=true
File.Version=6
PE4.GPIO_Label=M24SR64_Y_GPO [M24SR64_GPO]
PE2.Signal=GPIO_Output
PB7.Signal=USART1_RX
PA8.Signal=GPIO_Output
RCC.PLLRCLKFreq_Value=80000000
PE1.Locked=true
SH.GPXTI11.ConfNb=1
PB6.Locked=true
NVIC.PendSV_IRQn=true\:0\:0\:false\:false\:true\:true\:false
TIM6.Period=10000 - 1
PE4.Signal=GPIO_Output
PE6.GPIOParameters=GPIO_Label
PB6.GPIOParameters=GPIO_Label
ProjectManager.HalAssertFull=false
ProjectManager.ProjectName=BasicIoT
PD7.GPIO_Label=STSAFE_A100_RESET [STSAFE-A100_RESET]
PB7.GPIO_Label=ST_LINK_UART1_RX
PC8.GPIOParameters=GPIO_Label
Mcu.Package=LQFP100
PA5.Locked=true
SH.GPXTI11.0=GPIO_EXTI11
PD11.Locked=true
SH.GPXTI8.0=GPIO_EXTI8
ProjectManager.ToolChainLocation=
RCC.LSI_VALUE=32000
VP_SYS_VS_Systick.Signal=SYS_VS_Systick
SH.GPXTI5.ConfNb=1
SH.GPXTI8.ConfNb=1
RCC.LSCOPinFreq_Value=32000
RCC.DFSDMFreq_Value=80000000
PA5.GPIOParameters=GPIO_Label
PB14.GPIOParameters=PinState,GPIO_Label
PE0.GPIO_Label=ISM43362_SPI3_CSN [ISM43362_SSN]
PC14-OSC32_IN\ (PC14).Locked=true
RCC.PLLPoutputFreq_Value=22857142.85714286
RCC.APB1TimFreq_Value=80000000
NVIC.BusFault_IRQn=true\:0\:0\:false\:false\:true\:true\:false
RCC.LPUART1Freq_Value=80000000
PB10.GPIOParameters=GPIO_Label
PE6.Locked=true
PA13\ (JTMS-SWDIO).Signal=SYS_JTMS-SWDIO
PA13\ (JTMS-SWDIO).GPIOParameters=GPIO_Label
PE2.GPIO_Label=M24SR64_Y_RF_DISABLE [M24SR64_RFDIS]
PD15.Signal=GPXTI15
NVIC.TIM7_IRQn=true\:0\:0\:false\:false\:true\:true\:true
ProjectManager.CustomerFirmwarePackage=
PB15.Locked=true
RCC.PLLSAI1N=24
SH.GPXTI10.0=GPIO_EXTI10
RCC.MSI_VALUE=4000000
PA14\ (JTCK-SWCLK).Mode=Serial_Wire
SH.GPXTI5.0=GPIO_EXTI5
RCC.PLLQoutputFreq_Value=80000000
ProjectManager.ProjectFileName=BasicIoT.ioc
PE8.GPIOParameters=GPIO_Label
PD15.GPIO_Label=HTS221_DRDY_EXTI15 [HTS221_DRDY]
Mcu.PinsNb=31
PC9.GPIO_Label=LED3_WIFI_ LED4_BLE
ProjectManager.NoMain=false
PC13.Locked=true
PC13.Signal=GPXTI13
RCC.SWPMI1Freq_Value=80000000
PC8.Signal=GPXTI8
TIM6.Prescaler=8000 - 1
VP_TIM6_VS_ClockSourceINT.Mode=Enable_Timer
PB11.GPIO_Label=INTERNAL_I2C2_SDA [VL53L0X_SDA]
PD7.Signal=GPIO_Output
ProjectManager.DefaultFWLocation=true
PC15-OSC32_OUT\ (PC15).Signal=RCC_OSC32_OUT
PB12.Locked=true
PA14\ (JTCK-SWCLK).GPIO_Label=SYS_JTCK_SWCLK
ProjectManager.DeletePrevious=true
PB14.Locked=true
PB10.Locked=true
RCC.VCOSAI2OutputFreq_Value=32000000
boardIOC=true
RCC.FamilyName=M
SH.GPXTI6.0=GPIO_EXTI6
VP_TIM6_VS_ClockSourceINT.Signal=TIM6_VS_ClockSourceINT
PC8.GPIO_Label=LSM3MDL_DRDY_EXTI8 [LIS3MDL_DRDY]
PD10.Signal=GPXTI10
USART1.VirtualMode-Asynchronous=VM_ASYNC
SH.GPXTI6.ConfNb=1
PE0.PinState=GPIO_PIN_SET
PA8.GPIO_Label=SPBTLE_RF_RST
PB14.PinState=GPIO_PIN_SET
TIM6.IPParameters=Prescaler,Period
PB11.Mode=I2C
ProjectManager.TargetToolchain=STM32CubeIDE
PB10.GPIO_Label=INTERNAL_I2C2_SCL [VL53L0X_SCL]
PB7.GPIOParameters=GPIO_Label
PE8.GPIO_Label=ISM43362_RST [ISM43362_RSTN]
PE4.Locked=true
PB11.GPIOParameters=GPIO_Label
PE2.GPIOParameters=GPIO_Label
ProjectManager.RegisterCallBack=
PC15-OSC32_OUT\ (PC15).Locked=true
PE0.Locked=true
RCC.USBFreq_Value=48000000
PD10.GPIO_Label=LPS22HB_INT_DRDY_EXTI0 [LPS22HB_INT_DRDY] 
PD7.Locked=true
RCC.PLLSAI1PoutputFreq_Value=13714285.714285715
PB10.Signal=I2C2_SCL
PB14.Signal=GPIO_Output
RCC.PLLSAI2RoutputFreq_Value=16000000
PA5.Signal=GPIO_Output
TIM7.Prescaler=8000 - 1
board=B-L475E-IOT01A1
RCC.VCOOutputFreq_Value=160000000
PE1.GPIO_Label=ISM43362_DRDY_EXTI1 [ISM43362_DATARDY]
ProjectManager.LastFirmware=true
PD11.GPIOParameters=GPIO_Label
RCC.APB2Freq_Value=80000000
RCC.UART4Freq_Value=80000000
TIM7.IPParameters=Prescaler,Period
MxCube.Version=6.2.1
PA13\ (JTMS-SWDIO).GPIO_Label=SYS_JTMS_SWDIO
PB15.GPIO_Label=SPSGRF_915_SDN [SPSGRF_SDN]
RCC.I2C1Freq_Value=80000000
PE8.Signal=GPIO_Output
PC13.GPIOParameters=GPIO_Label,GPIO_ModeDefaultEXTI
RCC.RNGFreq_Value=48000000
RCC.PLLSAI1QoutputFreq_Value=48000000
Mcu.Pin30=VP_TIM7_VS_ClockSourceINT
RCC.ADCFreq_Value=48000000
VP_SYS_VS_Systick.Mode=SysTick
NVIC.NonMaskableInt_IRQn=true\:0\:0\:false\:false\:true\:true\:false
PE5.Locked=true
PE6.Signal=GPXTI6
RCC.UART5Freq_Value=80000000
PB15.GPIOParameters=GPIO_Label
ProjectManager.FreePins=false
RCC.IPParameters=ADCFreq_Value,AHBFreq_Value,APB1Freq_Value,APB1TimFreq_Value,APB2Freq_Value,APB2TimFreq_Value,CortexFreq_Value,DFSDMFreq_Value,FCLKCortexFreq_Value,FamilyName,HCLKFreq_Value,HSE_VALUE,HSI_VALUE,I2C1Freq_Value,I2C2Freq_Value,I2C3Freq_Value,LPTIM1Freq_Value,LPTIM2Freq_Value,LPUART1Freq_Value,LSCOPinFreq_Value,LSI_VALUE,MCO1PinFreq_Value,MSI_VALUE,PLLN,PLLPoutputFreq_Value,PLLQoutputFreq_Value,PLLRCLKFreq_Value,PLLSAI1N,PLLSAI1PoutputFreq_Value,PLLSAI1QoutputFreq_Value,PLLSAI1RoutputFreq_Value,PLLSAI2PoutputFreq_Value,PLLSAI2RoutputFreq_Value,PWRFreq_Value,RNGFreq_Value,SAI1Freq_Value,SAI2Freq_Value,SDMMCFreq_Value,SWPMI1Freq_Value,SYSCLKFreq_VALUE,SYSCLKSource,UART4Freq_Value,UART5Freq_Value,USART1Freq_Value,USART2Freq_Value,USART3Freq_Value,USBFreq_Value,VCOInputFreq_Value,VCOOutputFreq_Value,VCOSAI1OutputFreq_Value,VCOSAI2OutputFreq_Value
PC9.GPIOParameters=GPIO_Label
ProjectManager.AskForMigrate=true
Mcu.Name=STM32L475V(C-E-G)Tx
PE0.Signal=GPIO_Output
RCC.LPTIM2Freq_Value=80000000
Mcu.Pin26=PE0
Mcu.Pin27=PE1
Mcu.Pin24=PB6
ProjectManager.UnderRoot=true
Mcu.Pin25=PB7
Mcu.Pin28=VP_SYS_VS_Systick
Mcu.IP6=USART1
Mcu.Pin29=VP_TIM6_VS_ClockSourceINT
ProjectManager.CoupleFile=false
PA13\ (JTMS-SWDIO).Mode=Serial_Wire
RCC.SYSCLKFreq_VALUE=80000000
Mcu.Pin22=PA14 (JTCK-SWCLK)
Mcu.Pin23=PD7
Mcu.Pin20=PA8
Mcu.Pin21=PA13 (JTMS-SWDIO)
PD10.Locked=true
PA5.GPIO_Label=LED1
PA14\ (JTCK-SWCLK).Locked=true
NVIC.ForceEnableDMAVector=true
RCC.PLLSAI2PoutputFreq_Value=4571428.571428572
KeepUserPlacement=false
PC13.GPIO_ModeDefaultEXTI=GPIO_MODE_IT_FALLING
PC14-OSC32_IN\ (PC14).Signal=RCC_OSC32_IN
PD11.Signal=GPXTI11
NVIC.MemoryManagement_IRQn=true\:0\:0\:false\:false\:true\:true\:false
PE5.GPIO_Label=SPSGRF_915_GPIO3_EXTI5 [SPSGRF_GPIO_3]
ProjectManager.CompilerOptimize=6
PD15.Locked=true
PB7.Mode=Asynchronous
NVIC.EXTI9_5_IRQn=true\:0\:0\:false\:false\:true\:true\:true
ProjectManager.HeapSize=0x200
Mcu.Pin15=PD10
NVIC.HardFault_IRQn=true\:0\:0\:false\:false\:true\:true\:false
Mcu.Pin16=PD11
Mcu.Pin13=PB14
Mcu.Pin14=PB15
Mcu.Pin19=PC9
SH.GPXTI15.ConfNb=1
ProjectManager.ComputerToolchain=false
Mcu.Pin17=PD15
RCC.HSI_VALUE=16000000
Mcu.Pin18=PC8
NVIC.PriorityGroup=NVIC_PRIORITYGROUP_4
Mcu.Pin11=PB12
SH.GPXTI15.0=GPIO_EXTI15
Mcu.Pin12=PB13
RCC.PLLN=40
Mcu.Pin10=PB11
SH.GPXTI10.ConfNb=1
PB7.Locked=true
PE2.Locked=true
RCC.PWRFreq_Value=80000000
PC8.Locked=true
PC9.Signal=GPIO_Output
SH.GPXTI1.ConfNb=1
RCC.I2C2Freq_Value=80000000
RCC.APB1Freq_Value=80000000
PB11.Locked=true
ProjectManager.DeviceId=STM32L475VGTx
PB12.GPIOParameters=GPIO_Label
PB12.Signal=GPIO_Output
PD7.GPIOParameters=GPIO_Label
ProjectManager.LibraryCopy=1
PE1.GPIOParameters=GPIO_Label
isbadioc=false
